// !$*UTF8*$!
{
	archiveVersion = 1;
	classes = {
	};
	objectVersion = 56;
	objects = {

/* Begin PBXBuildFile section */
		3A1DC8DC2A08E93900B7462E /* PinMusicReducer.swift in Sources */ = {isa = PBXBuildFile; fileRef = AF6800BB2A0393F50096D65B /* PinMusicReducer.swift */; };
		3A1DC8DF2A08E99300B7462E /* APITarget+ETC.swift in Sources */ = {isa = PBXBuildFile; fileRef = 3A1DC8DE2A08E99300B7462E /* APITarget+ETC.swift */; };
		3A1DC8E12A08E9A800B7462E /* CSRFTokenAPITarget.swift in Sources */ = {isa = PBXBuildFile; fileRef = 3A1DC8E02A08E9A800B7462E /* CSRFTokenAPITarget.swift */; };
		3A1DC8E72A0A151A00B7462E /* ToastView.swift in Sources */ = {isa = PBXBuildFile; fileRef = 3A1DC8E62A0A151A00B7462E /* ToastView.swift */; };
		3A1DC8E92A0A161D00B7462E /* ToastManager.swift in Sources */ = {isa = PBXBuildFile; fileRef = 3A1DC8E82A0A161D00B7462E /* ToastManager.swift */; };
		3A1DC8EB2A0A21FB00B7462E /* ToastManagerProtocol.swift in Sources */ = {isa = PBXBuildFile; fileRef = 3A1DC8EA2A0A21FB00B7462E /* ToastManagerProtocol.swift */; };
		3A1DC8EF2A0A8D9600B7462E /* BinaryFloatingPoint+.swift in Sources */ = {isa = PBXBuildFile; fileRef = 3A1DC8EE2A0A8D9600B7462E /* BinaryFloatingPoint+.swift */; };
		3A28116D2A0B9CF100469988 /* ArchiveMapView.swift in Sources */ = {isa = PBXBuildFile; fileRef = 3A28116C2A0B9CF100469988 /* ArchiveMapView.swift */; };
		3A2811702A0CB5EC00469988 /* ArchiveMapReducer.swift in Sources */ = {isa = PBXBuildFile; fileRef = 3A28116F2A0CB5EC00469988 /* ArchiveMapReducer.swift */; };
		3A2811722A0D136500469988 /* PinsCategory.swift in Sources */ = {isa = PBXBuildFile; fileRef = 3A2811712A0D136500469988 /* PinsCategory.swift */; };
		3A2811782A0E158400469988 /* PinsCategoryReceivable.swift in Sources */ = {isa = PBXBuildFile; fileRef = 3A2811772A0E158400469988 /* PinsCategoryReceivable.swift */; };
		3A7776FE2A0FEF7C008FA4EA /* UniqueAction.swift in Sources */ = {isa = PBXBuildFile; fileRef = 3A7776FD2A0FEF7C008FA4EA /* UniqueAction.swift */; };
		3A7AF56E2A113F3A00E2B7E1 /* Date+Format.swift in Sources */ = {isa = PBXBuildFile; fileRef = 3A7AF56D2A113F3A00E2B7E1 /* Date+Format.swift */; };
		3A7AF5702A11573C00E2B7E1 /* PinsLatestAPITarget.swift in Sources */ = {isa = PBXBuildFile; fileRef = 3A7AF56F2A11573C00E2B7E1 /* PinsLatestAPITarget.swift */; };
		3AB4F7692A0373BF004C0F76 /* APITarget.swift in Sources */ = {isa = PBXBuildFile; fileRef = 3AB4F7682A0373BF004C0F76 /* APITarget.swift */; };
		3AB4F7852A03792D004C0F76 /* CombineMoya in Frameworks */ = {isa = PBXBuildFile; productRef = 3AB4F7842A03792D004C0F76 /* CombineMoya */; };
		3AB4F7872A03792D004C0F76 /* Moya in Frameworks */ = {isa = PBXBuildFile; productRef = 3AB4F7862A03792D004C0F76 /* Moya */; };
		3AB4F78A2A03797C004C0F76 /* DTO+Namespace.swift in Sources */ = {isa = PBXBuildFile; fileRef = 3AB4F7892A03797C004C0F76 /* DTO+Namespace.swift */; };
		3AB4F78C2A0379A2004C0F76 /* DTO+Music.swift in Sources */ = {isa = PBXBuildFile; fileRef = 3AB4F78B2A0379A2004C0F76 /* DTO+Music.swift */; };
		3AB4F78E2A0379AB004C0F76 /* DTO+Pin.swift in Sources */ = {isa = PBXBuildFile; fileRef = 3AB4F78D2A0379AB004C0F76 /* DTO+Pin.swift */; };
		3AB4F7902A0379B1004C0F76 /* DTO+PinCluster.swift in Sources */ = {isa = PBXBuildFile; fileRef = 3AB4F78F2A0379B1004C0F76 /* DTO+PinCluster.swift */; };
		3AB4F7932A0379F6004C0F76 /* PinsRepository.swift in Sources */ = {isa = PBXBuildFile; fileRef = 3AB4F7922A0379F6004C0F76 /* PinsRepository.swift */; };
		3AB4F7972A037A84004C0F76 /* APIPinsRepository.swift in Sources */ = {isa = PBXBuildFile; fileRef = 3AB4F7962A037A84004C0F76 /* APIPinsRepository.swift */; };
		3AB4F7992A037CA5004C0F76 /* Encodable+Dictionary.swift in Sources */ = {isa = PBXBuildFile; fileRef = 3AB4F7982A037CA5004C0F76 /* Encodable+Dictionary.swift */; };
		3AB7EF452A05181100B8FEDB /* UsersRepository.swift in Sources */ = {isa = PBXBuildFile; fileRef = 3AB7EF442A05181100B8FEDB /* UsersRepository.swift */; };
		3AB7EF472A0519AE00B8FEDB /* APIUsersRepository.swift in Sources */ = {isa = PBXBuildFile; fileRef = 3AB7EF462A0519AE00B8FEDB /* APIUsersRepository.swift */; };
		3AB7EF492A0519D700B8FEDB /* DTO+User.swift in Sources */ = {isa = PBXBuildFile; fileRef = 3AB7EF482A0519D700B8FEDB /* DTO+User.swift */; };
		3AD1DE222A05370C00A49E95 /* UsersSignupAPITarget.swift in Sources */ = {isa = PBXBuildFile; fileRef = 3AD1DE212A05370C00A49E95 /* UsersSignupAPITarget.swift */; };
		3AD1DE242A05371600A49E95 /* UsersLoginAPITarget.swift in Sources */ = {isa = PBXBuildFile; fileRef = 3AD1DE232A05371600A49E95 /* UsersLoginAPITarget.swift */; };
		3AD1DE262A05375C00A49E95 /* AuthParameters.swift in Sources */ = {isa = PBXBuildFile; fileRef = 3AD1DE252A05375C00A49E95 /* AuthParameters.swift */; };
		3AD1DE282A05396F00A49E95 /* PinsCreateAPITarget.swift in Sources */ = {isa = PBXBuildFile; fileRef = 3AD1DE272A05396F00A49E95 /* PinsCreateAPITarget.swift */; };
		3AD1DE302A053B3700A49E95 /* APITarget+Pins.swift in Sources */ = {isa = PBXBuildFile; fileRef = 3AD1DE2F2A053B3700A49E95 /* APITarget+Pins.swift */; };
		3AD1DE322A053B4100A49E95 /* APITarget+PinClusters.swift in Sources */ = {isa = PBXBuildFile; fileRef = 3AD1DE312A053B4100A49E95 /* APITarget+PinClusters.swift */; };
		3AD1DE342A053B4A00A49E95 /* APITarget+Users.swift in Sources */ = {isa = PBXBuildFile; fileRef = 3AD1DE332A053B4A00A49E95 /* APITarget+Users.swift */; };
		3AD1DE362A053CB300A49E95 /* PinsDeleteAPITarget.swift in Sources */ = {isa = PBXBuildFile; fileRef = 3AD1DE352A053CB300A49E95 /* PinsDeleteAPITarget.swift */; };
		3AD1DE392A053E9300A49E95 /* PinsReadListAPITarget.swift in Sources */ = {isa = PBXBuildFile; fileRef = 3AD1DE382A053E9300A49E95 /* PinsReadListAPITarget.swift */; };
		3AD1DE3B2A053EA100A49E95 /* PinsReadDetailAPITarget.swift in Sources */ = {isa = PBXBuildFile; fileRef = 3AD1DE3A2A053EA100A49E95 /* PinsReadDetailAPITarget.swift */; };
		3AD1DE3D2A053EAD00A49E95 /* PinsUpdateAPITarget.swift in Sources */ = {isa = PBXBuildFile; fileRef = 3AD1DE3C2A053EAD00A49E95 /* PinsUpdateAPITarget.swift */; };
		3AD1DE422A053F8300A49E95 /* ParametersRequestable.swift in Sources */ = {isa = PBXBuildFile; fileRef = 3AD1DE412A053F8300A49E95 /* ParametersRequestable.swift */; };
		3AD1DE442A05419200A49E95 /* APIProvider.swift in Sources */ = {isa = PBXBuildFile; fileRef = 3AD1DE432A05419200A49E95 /* APIProvider.swift */; };
		3AD1DE462A0544E900A49E95 /* Responsable.swift in Sources */ = {isa = PBXBuildFile; fileRef = 3AD1DE452A0544E900A49E95 /* Responsable.swift */; };
		3AD1DE482A055B3300A49E95 /* APIError.swift in Sources */ = {isa = PBXBuildFile; fileRef = 3AD1DE472A055B3300A49E95 /* APIError.swift */; };
		3AD1DE4B2A055FD800A49E95 /* AuthUseCase.swift in Sources */ = {isa = PBXBuildFile; fileRef = 3AD1DE4A2A055FD800A49E95 /* AuthUseCase.swift */; };
		3AD1DE4D2A05600200A49E95 /* APIAuthUseCase.swift in Sources */ = {isa = PBXBuildFile; fileRef = 3AD1DE4C2A05600200A49E95 /* APIAuthUseCase.swift */; };
		3AD1DE502A05632400A49E95 /* DefaultCurrentUser.swift in Sources */ = {isa = PBXBuildFile; fileRef = 3AD1DE4F2A05632400A49E95 /* DefaultCurrentUser.swift */; };
		3AD1DE532A05667900A49E95 /* DeviceId.swift in Sources */ = {isa = PBXBuildFile; fileRef = 3AD1DE522A05667900A49E95 /* DeviceId.swift */; };
		3AD1DE552A05668200A49E95 /* UserDefaultsWrapper.swift in Sources */ = {isa = PBXBuildFile; fileRef = 3AD1DE542A05668200A49E95 /* UserDefaultsWrapper.swift */; };
		3AD1DE582A05696A00A49E95 /* CurrentUser.swift in Sources */ = {isa = PBXBuildFile; fileRef = 3AD1DE572A05696A00A49E95 /* CurrentUser.swift */; };
		3AD1DE5A2A0569B800A49E95 /* MockCurrentUser.swift in Sources */ = {isa = PBXBuildFile; fileRef = 3AD1DE592A0569B800A49E95 /* MockCurrentUser.swift */; };
		3AD1DE5D2A08DB3100A49E95 /* LaunchScreenView.swift in Sources */ = {isa = PBXBuildFile; fileRef = 3AD1DE5C2A08DB3100A49E95 /* LaunchScreenView.swift */; };
		3AD1DE5F2A08DB7000A49E95 /* LaunchScreenReducer.swift in Sources */ = {isa = PBXBuildFile; fileRef = 3AD1DE5E2A08DB7000A49E95 /* LaunchScreenReducer.swift */; };
		3AD1DE612A08E83700A49E95 /* CSRFTokenRepository.swift in Sources */ = {isa = PBXBuildFile; fileRef = 3AD1DE602A08E83700A49E95 /* CSRFTokenRepository.swift */; };
		3AD1DE632A08E84000A49E95 /* APICSRFTokenRepository.swift in Sources */ = {isa = PBXBuildFile; fileRef = 3AD1DE622A08E84000A49E95 /* APICSRFTokenRepository.swift */; };
		3AE353DA2A0390E000D5A2B5 /* APIJSONDecoder.swift in Sources */ = {isa = PBXBuildFile; fileRef = 3AE353D92A0390E000D5A2B5 /* APIJSONDecoder.swift */; };
		3AE353DC2A03935A00D5A2B5 /* PinClustersListAPITarget.swift in Sources */ = {isa = PBXBuildFile; fileRef = 3AE353DB2A03935A00D5A2B5 /* PinClustersListAPITarget.swift */; };
		3AE353DE2A03949B00D5A2B5 /* PinClustersRepository.swift in Sources */ = {isa = PBXBuildFile; fileRef = 3AE353DD2A03949B00D5A2B5 /* PinClustersRepository.swift */; };
		3AE353E02A0394BA00D5A2B5 /* APIPinClustersRepository.swift in Sources */ = {isa = PBXBuildFile; fileRef = 3AE353DF2A0394BA00D5A2B5 /* APIPinClustersRepository.swift */; };
		3AEBFCD62A1370B0001C7219 /* PinCluster.swift in Sources */ = {isa = PBXBuildFile; fileRef = 3AEBFCD52A1370B0001C7219 /* PinCluster.swift */; };
		851E3C3F2A0B70FE00744403 /* PrimaryView.swift in Sources */ = {isa = PBXBuildFile; fileRef = 851E3C382A0B70FE00744403 /* PrimaryView.swift */; };
		AF03F8C32A026BA100E90660 /* Music.swift in Sources */ = {isa = PBXBuildFile; fileRef = AF03F8C22A026BA100E90660 /* Music.swift */; };
		AF03F8C62A0279B400E90660 /* SearchMusicUseCase.swift in Sources */ = {isa = PBXBuildFile; fileRef = AF03F8C52A0279B400E90660 /* SearchMusicUseCase.swift */; };
		AF03F8C82A027A8600E90660 /* Weather.swift in Sources */ = {isa = PBXBuildFile; fileRef = AF03F8C72A027A8600E90660 /* Weather.swift */; };
		AF03F8CD2A02835200E90660 /* RequestWeatherUseCase.swift in Sources */ = {isa = PBXBuildFile; fileRef = AF03F8CC2A02835200E90660 /* RequestWeatherUseCase.swift */; };
		AF12DDF12A0CEAEA00543B28 /* ArchiveMusicReducer.swift in Sources */ = {isa = PBXBuildFile; fileRef = AF12DDF02A0CEAEA00543B28 /* ArchiveMusicReducer.swift */; };
		AF12DDFB2A0FEF4900543B28 /* RemovePinUseCase.swift in Sources */ = {isa = PBXBuildFile; fileRef = AF12DDFA2A0FEF4900543B28 /* RemovePinUseCase.swift */; };
		AF1D63972A0CD359008E0226 /* ArchiveMusicCell.swift in Sources */ = {isa = PBXBuildFile; fileRef = AF1D63962A0CD359008E0226 /* ArchiveMusicCell.swift */; };
		AF313BA72A0A2DCE00D38A87 /* ArchiveMusicView.swift in Sources */ = {isa = PBXBuildFile; fileRef = AF313BA62A0A2DCE00D38A87 /* ArchiveMusicView.swift */; };
		AF477E2E2A13682400E718BD /* ArchiveInfoView.swift in Sources */ = {isa = PBXBuildFile; fileRef = AF477E2D2A13682400E718BD /* ArchiveInfoView.swift */; };
		AF9E9D432A08E68B00EC8D9E /* RequestMusicRepository.swift in Sources */ = {isa = PBXBuildFile; fileRef = AF9E9D412A08E68B00EC8D9E /* RequestMusicRepository.swift */; };
		AF9E9D442A08E68B00EC8D9E /* RequestWeatherRepository.swift in Sources */ = {isa = PBXBuildFile; fileRef = AF9E9D422A08E68B00EC8D9E /* RequestWeatherRepository.swift */; };
		AF9E9D492A08E78E00EC8D9E /* RequestWeatherRepositoryInterface.swift in Sources */ = {isa = PBXBuildFile; fileRef = AF9E9D472A08E78D00EC8D9E /* RequestWeatherRepositoryInterface.swift */; };
		AF9E9D4A2A08E78E00EC8D9E /* RequestMusicRepositoryInterface.swift in Sources */ = {isa = PBXBuildFile; fileRef = AF9E9D482A08E78E00EC8D9E /* RequestMusicRepositoryInterface.swift */; };
		AF9E9D4D2A08E7E000EC8D9E /* String+.swift in Sources */ = {isa = PBXBuildFile; fileRef = AF9E9D4B2A08E7E000EC8D9E /* String+.swift */; };
		AF9E9D4E2A08E7E000EC8D9E /* MusicItemCollection+.swift in Sources */ = {isa = PBXBuildFile; fileRef = AF9E9D4C2A08E7E000EC8D9E /* MusicItemCollection+.swift */; };
		AF9E9D542A0A10E900EC8D9E /* SearchMusicView.swift in Sources */ = {isa = PBXBuildFile; fileRef = AF9E9D532A0A10E900EC8D9E /* SearchMusicView.swift */; };
		AF9E9D552A0A12C700EC8D9E /* PinMusicReducer.swift in Sources */ = {isa = PBXBuildFile; fileRef = AF6800BB2A0393F50096D65B /* PinMusicReducer.swift */; };
		AF9E9D572A0A161A00EC8D9E /* SearchMusicCell.swift in Sources */ = {isa = PBXBuildFile; fileRef = AF9E9D562A0A161A00EC8D9E /* SearchMusicCell.swift */; };
		AF9E9D582A0A174900EC8D9E /* SearchMusicReducer.swift in Sources */ = {isa = PBXBuildFile; fileRef = AF1078C92A05101B00DB8EDA /* SearchMusicReducer.swift */; };
		AF9E9D592A0A17B200EC8D9E /* MusicChartUseCase.swift in Sources */ = {isa = PBXBuildFile; fileRef = AF1078C62A039E8B00DB8EDA /* MusicChartUseCase.swift */; };
		D413D3872A11353600AFDB1E /* ArchiveView.swift in Sources */ = {isa = PBXBuildFile; fileRef = D413D3862A11353600AFDB1E /* ArchiveView.swift */; };
		D413D3892A11355900AFDB1E /* Album.swift in Sources */ = {isa = PBXBuildFile; fileRef = D413D3882A11355900AFDB1E /* Album.swift */; };
		D450FEB32A0E135800909E90 /* PassEntityProtocol.swift in Sources */ = {isa = PBXBuildFile; fileRef = D450FEB22A0E135800909E90 /* PassEntityProtocol.swift */; };
		D450FEB82A0FC84F00909E90 /* DetailPinPopUpView.swift in Sources */ = {isa = PBXBuildFile; fileRef = D450FEB72A0FC84F00909E90 /* DetailPinPopUpView.swift */; };
		D45C9DFA2A0A22DD00FAA39C /* MKMapView+.swift in Sources */ = {isa = PBXBuildFile; fileRef = D45C9DF92A0A22DD00FAA39C /* MKMapView+.swift */; };
		D45C9E002A0A234500FAA39C /* AnnotaitionPinView.swift in Sources */ = {isa = PBXBuildFile; fileRef = D45C9DFF2A0A234500FAA39C /* AnnotaitionPinView.swift */; };
		D45C9E082A0A246F00FAA39C /* PinAnnotationProtocol.swift in Sources */ = {isa = PBXBuildFile; fileRef = D45C9E072A0A246F00FAA39C /* PinAnnotationProtocol.swift */; };
		D45C9E0C2A0A461B00FAA39C /* GetPinsRepository.swift in Sources */ = {isa = PBXBuildFile; fileRef = D45C9E0B2A0A461B00FAA39C /* GetPinsRepository.swift */; };
		D45C9E0F2A0A74AF00FAA39C /* MappinDIContainer.swift in Sources */ = {isa = PBXBuildFile; fileRef = D45C9E0E2A0A74AF00FAA39C /* MappinDIContainer.swift */; };
		D45C9E112A0A754B00FAA39C /* DefaultMockDIContainer.swift in Sources */ = {isa = PBXBuildFile; fileRef = D45C9E102A0A754B00FAA39C /* DefaultMockDIContainer.swift */; };
		D4F19C542A08DC0300ABB567 /* MKCoordinateRegion+.swift in Sources */ = {isa = PBXBuildFile; fileRef = D4F19C532A08DC0300ABB567 /* MKCoordinateRegion+.swift */; };
		D4F19C562A08E7A100ABB567 /* RequestDeviceRepository.swift in Sources */ = {isa = PBXBuildFile; fileRef = D4F19C552A08E7A100ABB567 /* RequestDeviceRepository.swift */; };
		D4F19C5C2A0915F000ABB567 /* RequestGeoCodeRepository.swift in Sources */ = {isa = PBXBuildFile; fileRef = D4F19C5B2A0915F000ABB567 /* RequestGeoCodeRepository.swift */; };
		D4F19C5D2A09160200ABB567 /* PinMusicReducer.swift in Sources */ = {isa = PBXBuildFile; fileRef = AF6800BB2A0393F50096D65B /* PinMusicReducer.swift */; };
		D4F19C5F2A09179200ABB567 /* LocationRepository.swift in Sources */ = {isa = PBXBuildFile; fileRef = D4F19C5E2A09179200ABB567 /* LocationRepository.swift */; };
		D4F19C612A0917CC00ABB567 /* DeviceRepository.swift in Sources */ = {isa = PBXBuildFile; fileRef = D4F19C602A0917CC00ABB567 /* DeviceRepository.swift */; };
		D4F19C632A091A2A00ABB567 /* GetPinsUseCase.swift in Sources */ = {isa = PBXBuildFile; fileRef = D4F19C622A091A2A00ABB567 /* GetPinsUseCase.swift */; };
		D4F19C652A091D0D00ABB567 /* MapView.swift in Sources */ = {isa = PBXBuildFile; fileRef = D4F19C642A091D0D00ABB567 /* MapView.swift */; };
		D4F57CD32A0243AB00582857 /* MappinApp.swift in Sources */ = {isa = PBXBuildFile; fileRef = D4F57CD22A0243AB00582857 /* MappinApp.swift */; };
		D4F57CD52A0243AB00582857 /* ContentView.swift in Sources */ = {isa = PBXBuildFile; fileRef = D4F57CD42A0243AB00582857 /* ContentView.swift */; };
		D4F57CD72A0243AC00582857 /* Assets.xcassets in Resources */ = {isa = PBXBuildFile; fileRef = D4F57CD62A0243AC00582857 /* Assets.xcassets */; };
		D4F57CDA2A0243AC00582857 /* Preview Assets.xcassets in Resources */ = {isa = PBXBuildFile; fileRef = D4F57CD92A0243AC00582857 /* Preview Assets.xcassets */; };
		D4F57CE22A0244E200582857 /* ComposableArchitecture in Frameworks */ = {isa = PBXBuildFile; productRef = D4F57CE12A0244E200582857 /* ComposableArchitecture */; };
		D4F57CEE2A02548E00582857 /* Color+.swift in Sources */ = {isa = PBXBuildFile; fileRef = D4F57CED2A02548E00582857 /* Color+.swift */; };
		D4F57CF82A02609100582857 /* AddPinIntent.swift in Sources */ = {isa = PBXBuildFile; fileRef = D4F57CF72A02609100582857 /* AddPinIntent.swift */; };
		D4F57CFC2A02635400582857 /* RequestLocationRepository.swift in Sources */ = {isa = PBXBuildFile; fileRef = D4F57CFB2A02635400582857 /* RequestLocationRepository.swift */; };
		D4F57D1B2A03970D00582857 /* Location.swift in Sources */ = {isa = PBXBuildFile; fileRef = D4F57D182A03970D00582857 /* Location.swift */; };
		D4F57D1C2A03970D00582857 /* Pin.swift in Sources */ = {isa = PBXBuildFile; fileRef = D4F57D192A03970D00582857 /* Pin.swift */; };
		D4F57D212A0397C000582857 /* AddPinUseCase.swift in Sources */ = {isa = PBXBuildFile; fileRef = D4F57D1E2A0397C000582857 /* AddPinUseCase.swift */; };
		D4F57D252A0397CD00582857 /* AddPinRepository.swift in Sources */ = {isa = PBXBuildFile; fileRef = D4F57D232A0397CD00582857 /* AddPinRepository.swift */; };
		D4F57D262A0397CD00582857 /* GeoCodeRepository.swift in Sources */ = {isa = PBXBuildFile; fileRef = D4F57D242A0397CD00582857 /* GeoCodeRepository.swift */; };
/* End PBXBuildFile section */

/* Begin PBXFileReference section */
		3A1DC8DE2A08E99300B7462E /* APITarget+ETC.swift */ = {isa = PBXFileReference; lastKnownFileType = sourcecode.swift; path = "APITarget+ETC.swift"; sourceTree = "<group>"; };
		3A1DC8E02A08E9A800B7462E /* CSRFTokenAPITarget.swift */ = {isa = PBXFileReference; lastKnownFileType = sourcecode.swift; path = CSRFTokenAPITarget.swift; sourceTree = "<group>"; };
		3A1DC8E62A0A151A00B7462E /* ToastView.swift */ = {isa = PBXFileReference; lastKnownFileType = sourcecode.swift; path = ToastView.swift; sourceTree = "<group>"; };
		3A1DC8E82A0A161D00B7462E /* ToastManager.swift */ = {isa = PBXFileReference; lastKnownFileType = sourcecode.swift; path = ToastManager.swift; sourceTree = "<group>"; };
		3A1DC8EA2A0A21FB00B7462E /* ToastManagerProtocol.swift */ = {isa = PBXFileReference; lastKnownFileType = sourcecode.swift; path = ToastManagerProtocol.swift; sourceTree = "<group>"; };
		3A1DC8EE2A0A8D9600B7462E /* BinaryFloatingPoint+.swift */ = {isa = PBXFileReference; lastKnownFileType = sourcecode.swift; path = "BinaryFloatingPoint+.swift"; sourceTree = "<group>"; };
		3A28116C2A0B9CF100469988 /* ArchiveMapView.swift */ = {isa = PBXFileReference; lastKnownFileType = sourcecode.swift; path = ArchiveMapView.swift; sourceTree = "<group>"; };
		3A28116F2A0CB5EC00469988 /* ArchiveMapReducer.swift */ = {isa = PBXFileReference; lastKnownFileType = sourcecode.swift; path = ArchiveMapReducer.swift; sourceTree = "<group>"; };
		3A2811712A0D136500469988 /* PinsCategory.swift */ = {isa = PBXFileReference; lastKnownFileType = sourcecode.swift; path = PinsCategory.swift; sourceTree = "<group>"; };
		3A2811772A0E158400469988 /* PinsCategoryReceivable.swift */ = {isa = PBXFileReference; lastKnownFileType = sourcecode.swift; path = PinsCategoryReceivable.swift; sourceTree = "<group>"; };
		3A7776FD2A0FEF7C008FA4EA /* UniqueAction.swift */ = {isa = PBXFileReference; lastKnownFileType = sourcecode.swift; path = UniqueAction.swift; sourceTree = "<group>"; };
		3A7AF56D2A113F3A00E2B7E1 /* Date+Format.swift */ = {isa = PBXFileReference; lastKnownFileType = sourcecode.swift; path = "Date+Format.swift"; sourceTree = "<group>"; };
		3A7AF56F2A11573C00E2B7E1 /* PinsLatestAPITarget.swift */ = {isa = PBXFileReference; lastKnownFileType = sourcecode.swift; path = PinsLatestAPITarget.swift; sourceTree = "<group>"; };
		3AB4F7682A0373BF004C0F76 /* APITarget.swift */ = {isa = PBXFileReference; lastKnownFileType = sourcecode.swift; path = APITarget.swift; sourceTree = "<group>"; };
		3AB4F7892A03797C004C0F76 /* DTO+Namespace.swift */ = {isa = PBXFileReference; lastKnownFileType = sourcecode.swift; path = "DTO+Namespace.swift"; sourceTree = "<group>"; };
		3AB4F78B2A0379A2004C0F76 /* DTO+Music.swift */ = {isa = PBXFileReference; lastKnownFileType = sourcecode.swift; path = "DTO+Music.swift"; sourceTree = "<group>"; };
		3AB4F78D2A0379AB004C0F76 /* DTO+Pin.swift */ = {isa = PBXFileReference; lastKnownFileType = sourcecode.swift; path = "DTO+Pin.swift"; sourceTree = "<group>"; };
		3AB4F78F2A0379B1004C0F76 /* DTO+PinCluster.swift */ = {isa = PBXFileReference; lastKnownFileType = sourcecode.swift; path = "DTO+PinCluster.swift"; sourceTree = "<group>"; };
		3AB4F7922A0379F6004C0F76 /* PinsRepository.swift */ = {isa = PBXFileReference; lastKnownFileType = sourcecode.swift; path = PinsRepository.swift; sourceTree = "<group>"; };
		3AB4F7962A037A84004C0F76 /* APIPinsRepository.swift */ = {isa = PBXFileReference; lastKnownFileType = sourcecode.swift; path = APIPinsRepository.swift; sourceTree = "<group>"; };
		3AB4F7982A037CA5004C0F76 /* Encodable+Dictionary.swift */ = {isa = PBXFileReference; lastKnownFileType = sourcecode.swift; path = "Encodable+Dictionary.swift"; sourceTree = "<group>"; };
		3AB7EF442A05181100B8FEDB /* UsersRepository.swift */ = {isa = PBXFileReference; lastKnownFileType = sourcecode.swift; path = UsersRepository.swift; sourceTree = "<group>"; };
		3AB7EF462A0519AE00B8FEDB /* APIUsersRepository.swift */ = {isa = PBXFileReference; lastKnownFileType = sourcecode.swift; path = APIUsersRepository.swift; sourceTree = "<group>"; };
		3AB7EF482A0519D700B8FEDB /* DTO+User.swift */ = {isa = PBXFileReference; lastKnownFileType = sourcecode.swift; path = "DTO+User.swift"; sourceTree = "<group>"; };
		3AD1DE212A05370C00A49E95 /* UsersSignupAPITarget.swift */ = {isa = PBXFileReference; lastKnownFileType = sourcecode.swift; path = UsersSignupAPITarget.swift; sourceTree = "<group>"; };
		3AD1DE232A05371600A49E95 /* UsersLoginAPITarget.swift */ = {isa = PBXFileReference; lastKnownFileType = sourcecode.swift; path = UsersLoginAPITarget.swift; sourceTree = "<group>"; };
		3AD1DE252A05375C00A49E95 /* AuthParameters.swift */ = {isa = PBXFileReference; lastKnownFileType = sourcecode.swift; path = AuthParameters.swift; sourceTree = "<group>"; };
		3AD1DE272A05396F00A49E95 /* PinsCreateAPITarget.swift */ = {isa = PBXFileReference; lastKnownFileType = sourcecode.swift; path = PinsCreateAPITarget.swift; sourceTree = "<group>"; };
		3AD1DE2F2A053B3700A49E95 /* APITarget+Pins.swift */ = {isa = PBXFileReference; lastKnownFileType = sourcecode.swift; path = "APITarget+Pins.swift"; sourceTree = "<group>"; };
		3AD1DE312A053B4100A49E95 /* APITarget+PinClusters.swift */ = {isa = PBXFileReference; lastKnownFileType = sourcecode.swift; path = "APITarget+PinClusters.swift"; sourceTree = "<group>"; };
		3AD1DE332A053B4A00A49E95 /* APITarget+Users.swift */ = {isa = PBXFileReference; lastKnownFileType = sourcecode.swift; path = "APITarget+Users.swift"; sourceTree = "<group>"; };
		3AD1DE352A053CB300A49E95 /* PinsDeleteAPITarget.swift */ = {isa = PBXFileReference; lastKnownFileType = sourcecode.swift; path = PinsDeleteAPITarget.swift; sourceTree = "<group>"; };
		3AD1DE382A053E9300A49E95 /* PinsReadListAPITarget.swift */ = {isa = PBXFileReference; lastKnownFileType = sourcecode.swift; path = PinsReadListAPITarget.swift; sourceTree = "<group>"; };
		3AD1DE3A2A053EA100A49E95 /* PinsReadDetailAPITarget.swift */ = {isa = PBXFileReference; lastKnownFileType = sourcecode.swift; path = PinsReadDetailAPITarget.swift; sourceTree = "<group>"; };
		3AD1DE3C2A053EAD00A49E95 /* PinsUpdateAPITarget.swift */ = {isa = PBXFileReference; lastKnownFileType = sourcecode.swift; path = PinsUpdateAPITarget.swift; sourceTree = "<group>"; };
		3AD1DE412A053F8300A49E95 /* ParametersRequestable.swift */ = {isa = PBXFileReference; lastKnownFileType = sourcecode.swift; path = ParametersRequestable.swift; sourceTree = "<group>"; };
		3AD1DE432A05419200A49E95 /* APIProvider.swift */ = {isa = PBXFileReference; lastKnownFileType = sourcecode.swift; path = APIProvider.swift; sourceTree = "<group>"; };
		3AD1DE452A0544E900A49E95 /* Responsable.swift */ = {isa = PBXFileReference; lastKnownFileType = sourcecode.swift; path = Responsable.swift; sourceTree = "<group>"; };
		3AD1DE472A055B3300A49E95 /* APIError.swift */ = {isa = PBXFileReference; lastKnownFileType = sourcecode.swift; path = APIError.swift; sourceTree = "<group>"; };
		3AD1DE4A2A055FD800A49E95 /* AuthUseCase.swift */ = {isa = PBXFileReference; lastKnownFileType = sourcecode.swift; path = AuthUseCase.swift; sourceTree = "<group>"; };
		3AD1DE4C2A05600200A49E95 /* APIAuthUseCase.swift */ = {isa = PBXFileReference; lastKnownFileType = sourcecode.swift; path = APIAuthUseCase.swift; sourceTree = "<group>"; };
		3AD1DE4F2A05632400A49E95 /* DefaultCurrentUser.swift */ = {isa = PBXFileReference; lastKnownFileType = sourcecode.swift; path = DefaultCurrentUser.swift; sourceTree = "<group>"; };
		3AD1DE522A05667900A49E95 /* DeviceId.swift */ = {isa = PBXFileReference; lastKnownFileType = sourcecode.swift; path = DeviceId.swift; sourceTree = "<group>"; };
		3AD1DE542A05668200A49E95 /* UserDefaultsWrapper.swift */ = {isa = PBXFileReference; lastKnownFileType = sourcecode.swift; path = UserDefaultsWrapper.swift; sourceTree = "<group>"; };
		3AD1DE572A05696A00A49E95 /* CurrentUser.swift */ = {isa = PBXFileReference; lastKnownFileType = sourcecode.swift; path = CurrentUser.swift; sourceTree = "<group>"; };
		3AD1DE592A0569B800A49E95 /* MockCurrentUser.swift */ = {isa = PBXFileReference; lastKnownFileType = sourcecode.swift; path = MockCurrentUser.swift; sourceTree = "<group>"; };
		3AD1DE5C2A08DB3100A49E95 /* LaunchScreenView.swift */ = {isa = PBXFileReference; lastKnownFileType = sourcecode.swift; path = LaunchScreenView.swift; sourceTree = "<group>"; };
		3AD1DE5E2A08DB7000A49E95 /* LaunchScreenReducer.swift */ = {isa = PBXFileReference; lastKnownFileType = sourcecode.swift; path = LaunchScreenReducer.swift; sourceTree = "<group>"; };
		3AD1DE602A08E83700A49E95 /* CSRFTokenRepository.swift */ = {isa = PBXFileReference; lastKnownFileType = sourcecode.swift; path = CSRFTokenRepository.swift; sourceTree = "<group>"; };
		3AD1DE622A08E84000A49E95 /* APICSRFTokenRepository.swift */ = {isa = PBXFileReference; lastKnownFileType = sourcecode.swift; path = APICSRFTokenRepository.swift; sourceTree = "<group>"; };
		3AE353D92A0390E000D5A2B5 /* APIJSONDecoder.swift */ = {isa = PBXFileReference; lastKnownFileType = sourcecode.swift; path = APIJSONDecoder.swift; sourceTree = "<group>"; };
		3AE353DB2A03935A00D5A2B5 /* PinClustersListAPITarget.swift */ = {isa = PBXFileReference; lastKnownFileType = sourcecode.swift; path = PinClustersListAPITarget.swift; sourceTree = "<group>"; };
		3AE353DD2A03949B00D5A2B5 /* PinClustersRepository.swift */ = {isa = PBXFileReference; lastKnownFileType = sourcecode.swift; path = PinClustersRepository.swift; sourceTree = "<group>"; };
		3AE353DF2A0394BA00D5A2B5 /* APIPinClustersRepository.swift */ = {isa = PBXFileReference; lastKnownFileType = sourcecode.swift; path = APIPinClustersRepository.swift; sourceTree = "<group>"; };
		3AEBFCD52A1370B0001C7219 /* PinCluster.swift */ = {isa = PBXFileReference; lastKnownFileType = sourcecode.swift; path = PinCluster.swift; sourceTree = "<group>"; };
		851E3C382A0B70FE00744403 /* PrimaryView.swift */ = {isa = PBXFileReference; fileEncoding = 4; lastKnownFileType = sourcecode.swift; name = PrimaryView.swift; path = ../MapView/Pin/View/PrimaryView.swift; sourceTree = "<group>"; };
		AF03F8C22A026BA100E90660 /* Music.swift */ = {isa = PBXFileReference; lastKnownFileType = sourcecode.swift; path = Music.swift; sourceTree = "<group>"; };
		AF03F8C52A0279B400E90660 /* SearchMusicUseCase.swift */ = {isa = PBXFileReference; lastKnownFileType = sourcecode.swift; path = SearchMusicUseCase.swift; sourceTree = "<group>"; };
		AF03F8C72A027A8600E90660 /* Weather.swift */ = {isa = PBXFileReference; lastKnownFileType = sourcecode.swift; path = Weather.swift; sourceTree = "<group>"; };
		AF03F8CC2A02835200E90660 /* RequestWeatherUseCase.swift */ = {isa = PBXFileReference; lastKnownFileType = sourcecode.swift; path = RequestWeatherUseCase.swift; sourceTree = "<group>"; };
		AF1078C62A039E8B00DB8EDA /* MusicChartUseCase.swift */ = {isa = PBXFileReference; lastKnownFileType = sourcecode.swift; path = MusicChartUseCase.swift; sourceTree = "<group>"; };
		AF1078C92A05101B00DB8EDA /* SearchMusicReducer.swift */ = {isa = PBXFileReference; lastKnownFileType = sourcecode.swift; path = SearchMusicReducer.swift; sourceTree = "<group>"; };
		AF12DDF02A0CEAEA00543B28 /* ArchiveMusicReducer.swift */ = {isa = PBXFileReference; lastKnownFileType = sourcecode.swift; path = ArchiveMusicReducer.swift; sourceTree = "<group>"; };
		AF12DDFA2A0FEF4900543B28 /* RemovePinUseCase.swift */ = {isa = PBXFileReference; lastKnownFileType = sourcecode.swift; path = RemovePinUseCase.swift; sourceTree = "<group>"; };
		AF1D63962A0CD359008E0226 /* ArchiveMusicCell.swift */ = {isa = PBXFileReference; lastKnownFileType = sourcecode.swift; path = ArchiveMusicCell.swift; sourceTree = "<group>"; };
		AF313BA62A0A2DCE00D38A87 /* ArchiveMusicView.swift */ = {isa = PBXFileReference; lastKnownFileType = sourcecode.swift; path = ArchiveMusicView.swift; sourceTree = "<group>"; };
		AF477E2D2A13682400E718BD /* ArchiveInfoView.swift */ = {isa = PBXFileReference; lastKnownFileType = sourcecode.swift; path = ArchiveInfoView.swift; sourceTree = "<group>"; };
		AF6800BB2A0393F50096D65B /* PinMusicReducer.swift */ = {isa = PBXFileReference; fileEncoding = 4; lastKnownFileType = sourcecode.swift; path = PinMusicReducer.swift; sourceTree = "<group>"; };
		AF9E9D412A08E68B00EC8D9E /* RequestMusicRepository.swift */ = {isa = PBXFileReference; fileEncoding = 4; lastKnownFileType = sourcecode.swift; name = RequestMusicRepository.swift; path = Mappin/Data/Repository/Implementation/RequestMusicRepository.swift; sourceTree = SOURCE_ROOT; };
		AF9E9D422A08E68B00EC8D9E /* RequestWeatherRepository.swift */ = {isa = PBXFileReference; fileEncoding = 4; lastKnownFileType = sourcecode.swift; name = RequestWeatherRepository.swift; path = Mappin/Data/Repository/Implementation/RequestWeatherRepository.swift; sourceTree = SOURCE_ROOT; };
		AF9E9D472A08E78D00EC8D9E /* RequestWeatherRepositoryInterface.swift */ = {isa = PBXFileReference; fileEncoding = 4; lastKnownFileType = sourcecode.swift; path = RequestWeatherRepositoryInterface.swift; sourceTree = "<group>"; };
		AF9E9D482A08E78E00EC8D9E /* RequestMusicRepositoryInterface.swift */ = {isa = PBXFileReference; fileEncoding = 4; lastKnownFileType = sourcecode.swift; path = RequestMusicRepositoryInterface.swift; sourceTree = "<group>"; };
		AF9E9D4B2A08E7E000EC8D9E /* String+.swift */ = {isa = PBXFileReference; fileEncoding = 4; lastKnownFileType = sourcecode.swift; path = "String+.swift"; sourceTree = "<group>"; };
		AF9E9D4C2A08E7E000EC8D9E /* MusicItemCollection+.swift */ = {isa = PBXFileReference; fileEncoding = 4; lastKnownFileType = sourcecode.swift; path = "MusicItemCollection+.swift"; sourceTree = "<group>"; };
		AF9E9D532A0A10E900EC8D9E /* SearchMusicView.swift */ = {isa = PBXFileReference; lastKnownFileType = sourcecode.swift; path = SearchMusicView.swift; sourceTree = "<group>"; };
		AF9E9D562A0A161A00EC8D9E /* SearchMusicCell.swift */ = {isa = PBXFileReference; lastKnownFileType = sourcecode.swift; path = SearchMusicCell.swift; sourceTree = "<group>"; };
		D413D3862A11353600AFDB1E /* ArchiveView.swift */ = {isa = PBXFileReference; fileEncoding = 4; lastKnownFileType = sourcecode.swift; path = ArchiveView.swift; sourceTree = "<group>"; };
		D413D3882A11355900AFDB1E /* Album.swift */ = {isa = PBXFileReference; fileEncoding = 4; lastKnownFileType = sourcecode.swift; path = Album.swift; sourceTree = "<group>"; };
		D450FEB22A0E135800909E90 /* PassEntityProtocol.swift */ = {isa = PBXFileReference; lastKnownFileType = sourcecode.swift; path = PassEntityProtocol.swift; sourceTree = "<group>"; };
		D450FEB42A0E2B2C00909E90 /* Mappin.entitlements */ = {isa = PBXFileReference; lastKnownFileType = text.plist.entitlements; path = Mappin.entitlements; sourceTree = "<group>"; };
		D450FEB72A0FC84F00909E90 /* DetailPinPopUpView.swift */ = {isa = PBXFileReference; lastKnownFileType = sourcecode.swift; path = DetailPinPopUpView.swift; sourceTree = "<group>"; };
		D45C9DF92A0A22DD00FAA39C /* MKMapView+.swift */ = {isa = PBXFileReference; lastKnownFileType = sourcecode.swift; path = "MKMapView+.swift"; sourceTree = "<group>"; };
		D45C9DFF2A0A234500FAA39C /* AnnotaitionPinView.swift */ = {isa = PBXFileReference; lastKnownFileType = sourcecode.swift; path = AnnotaitionPinView.swift; sourceTree = "<group>"; };
		D45C9E072A0A246F00FAA39C /* PinAnnotationProtocol.swift */ = {isa = PBXFileReference; lastKnownFileType = sourcecode.swift; path = PinAnnotationProtocol.swift; sourceTree = "<group>"; };
		D45C9E0B2A0A461B00FAA39C /* GetPinsRepository.swift */ = {isa = PBXFileReference; lastKnownFileType = sourcecode.swift; path = GetPinsRepository.swift; sourceTree = "<group>"; };
		D45C9E0E2A0A74AF00FAA39C /* MappinDIContainer.swift */ = {isa = PBXFileReference; lastKnownFileType = sourcecode.swift; path = MappinDIContainer.swift; sourceTree = "<group>"; };
		D45C9E102A0A754B00FAA39C /* DefaultMockDIContainer.swift */ = {isa = PBXFileReference; lastKnownFileType = sourcecode.swift; path = DefaultMockDIContainer.swift; sourceTree = "<group>"; };
		D4F19C532A08DC0300ABB567 /* MKCoordinateRegion+.swift */ = {isa = PBXFileReference; lastKnownFileType = sourcecode.swift; path = "MKCoordinateRegion+.swift"; sourceTree = "<group>"; };
		D4F19C552A08E7A100ABB567 /* RequestDeviceRepository.swift */ = {isa = PBXFileReference; lastKnownFileType = sourcecode.swift; path = RequestDeviceRepository.swift; sourceTree = "<group>"; };
		D4F19C5B2A0915F000ABB567 /* RequestGeoCodeRepository.swift */ = {isa = PBXFileReference; fileEncoding = 4; lastKnownFileType = sourcecode.swift; path = RequestGeoCodeRepository.swift; sourceTree = "<group>"; };
		D4F19C5E2A09179200ABB567 /* LocationRepository.swift */ = {isa = PBXFileReference; lastKnownFileType = sourcecode.swift; path = LocationRepository.swift; sourceTree = "<group>"; };
		D4F19C602A0917CC00ABB567 /* DeviceRepository.swift */ = {isa = PBXFileReference; lastKnownFileType = sourcecode.swift; path = DeviceRepository.swift; sourceTree = "<group>"; };
		D4F19C622A091A2A00ABB567 /* GetPinsUseCase.swift */ = {isa = PBXFileReference; lastKnownFileType = sourcecode.swift; path = GetPinsUseCase.swift; sourceTree = "<group>"; };
		D4F19C642A091D0D00ABB567 /* MapView.swift */ = {isa = PBXFileReference; lastKnownFileType = sourcecode.swift; path = MapView.swift; sourceTree = "<group>"; };
		D4F57CCF2A0243AB00582857 /* Mappin.app */ = {isa = PBXFileReference; explicitFileType = wrapper.application; includeInIndex = 0; path = Mappin.app; sourceTree = BUILT_PRODUCTS_DIR; };
		D4F57CD22A0243AB00582857 /* MappinApp.swift */ = {isa = PBXFileReference; lastKnownFileType = sourcecode.swift; path = MappinApp.swift; sourceTree = "<group>"; };
		D4F57CD42A0243AB00582857 /* ContentView.swift */ = {isa = PBXFileReference; lastKnownFileType = sourcecode.swift; path = ContentView.swift; sourceTree = "<group>"; };
		D4F57CD62A0243AC00582857 /* Assets.xcassets */ = {isa = PBXFileReference; lastKnownFileType = folder.assetcatalog; path = Assets.xcassets; sourceTree = "<group>"; };
		D4F57CD92A0243AC00582857 /* Preview Assets.xcassets */ = {isa = PBXFileReference; lastKnownFileType = folder.assetcatalog; path = "Preview Assets.xcassets"; sourceTree = "<group>"; };
		D4F57CED2A02548E00582857 /* Color+.swift */ = {isa = PBXFileReference; lastKnownFileType = sourcecode.swift; path = "Color+.swift"; sourceTree = "<group>"; };
		D4F57CF72A02609100582857 /* AddPinIntent.swift */ = {isa = PBXFileReference; lastKnownFileType = sourcecode.swift; path = AddPinIntent.swift; sourceTree = "<group>"; };
		D4F57CF92A0260D100582857 /* Info.plist */ = {isa = PBXFileReference; lastKnownFileType = text.plist; path = Info.plist; sourceTree = "<group>"; };
		D4F57CFB2A02635400582857 /* RequestLocationRepository.swift */ = {isa = PBXFileReference; lastKnownFileType = sourcecode.swift; path = RequestLocationRepository.swift; sourceTree = "<group>"; };
		D4F57D182A03970D00582857 /* Location.swift */ = {isa = PBXFileReference; fileEncoding = 4; lastKnownFileType = sourcecode.swift; path = Location.swift; sourceTree = "<group>"; };
		D4F57D192A03970D00582857 /* Pin.swift */ = {isa = PBXFileReference; fileEncoding = 4; lastKnownFileType = sourcecode.swift; path = Pin.swift; sourceTree = "<group>"; };
		D4F57D1E2A0397C000582857 /* AddPinUseCase.swift */ = {isa = PBXFileReference; fileEncoding = 4; lastKnownFileType = sourcecode.swift; path = AddPinUseCase.swift; sourceTree = "<group>"; };
		D4F57D232A0397CD00582857 /* AddPinRepository.swift */ = {isa = PBXFileReference; fileEncoding = 4; lastKnownFileType = sourcecode.swift; path = AddPinRepository.swift; sourceTree = "<group>"; };
		D4F57D242A0397CD00582857 /* GeoCodeRepository.swift */ = {isa = PBXFileReference; fileEncoding = 4; lastKnownFileType = sourcecode.swift; path = GeoCodeRepository.swift; sourceTree = "<group>"; };
		D4F57D272A03980C00582857 /* PinMusicReducer.swift */ = {isa = PBXFileReference; fileEncoding = 4; lastKnownFileType = sourcecode.swift; path = PinMusicReducer.swift; sourceTree = "<group>"; };
/* End PBXFileReference section */

/* Begin PBXFrameworksBuildPhase section */
		D4F57CCC2A0243AB00582857 /* Frameworks */ = {
			isa = PBXFrameworksBuildPhase;
			buildActionMask = 2147483647;
			files = (
				3AB4F7852A03792D004C0F76 /* CombineMoya in Frameworks */,
				D4F57CE22A0244E200582857 /* ComposableArchitecture in Frameworks */,
				3AB4F7872A03792D004C0F76 /* Moya in Frameworks */,
			);
			runOnlyForDeploymentPostprocessing = 0;
		};
/* End PBXFrameworksBuildPhase section */

/* Begin PBXGroup section */
		3A1DC8DD2A08E96C00B7462E /* ETC */ = {
			isa = PBXGroup;
			children = (
				3A1DC8DE2A08E99300B7462E /* APITarget+ETC.swift */,
				3A1DC8E02A08E9A800B7462E /* CSRFTokenAPITarget.swift */,
			);
			path = ETC;
			sourceTree = "<group>";
		};
		3A1DC8E52A0A151100B7462E /* Toast */ = {
			isa = PBXGroup;
			children = (
				3A1DC8E62A0A151A00B7462E /* ToastView.swift */,
				3A1DC8EA2A0A21FB00B7462E /* ToastManagerProtocol.swift */,
				3A1DC8E82A0A161D00B7462E /* ToastManager.swift */,
			);
			path = Toast;
			sourceTree = "<group>";
		};
		3A28116E2A0CB5CE00469988 /* ArchiveMap */ = {
			isa = PBXGroup;
			children = (
				3A28116C2A0B9CF100469988 /* ArchiveMapView.swift */,
				3A28116F2A0CB5EC00469988 /* ArchiveMapReducer.swift */,
			);
			path = ArchiveMap;
			sourceTree = "<group>";
		};
		3A2811762A0E157800469988 /* Util */ = {
			isa = PBXGroup;
			children = (
				3A2811772A0E158400469988 /* PinsCategoryReceivable.swift */,
				3A7776FD2A0FEF7C008FA4EA /* UniqueAction.swift */,
				3A7AF56D2A113F3A00E2B7E1 /* Date+Format.swift */,
			);
			path = Util;
			sourceTree = "<group>";
		};
		3AB4F7672A0373A8004C0F76 /* API */ = {
			isa = PBXGroup;
			children = (
				3AD1DE372A053E2A00A49E95 /* Util */,
				3AD1DE2B2A053A5500A49E95 /* Pins */,
				3AD1DE2C2A053A5D00A49E95 /* PinClusters */,
				3AD1DE2D2A053A7400A49E95 /* Users */,
				3A1DC8DD2A08E96C00B7462E /* ETC */,
				3AB4F7682A0373BF004C0F76 /* APITarget.swift */,
			);
			path = API;
			sourceTree = "<group>";
		};
		3AB4F7772A0377F6004C0F76 /* Util */ = {
			isa = PBXGroup;
			children = (
				3AE353D82A0390C200D5A2B5 /* Implementation */,
				3AE353D72A0390BA00D5A2B5 /* Extension */,
			);
			path = Util;
			sourceTree = "<group>";
		};
		3AB4F7882A037971004C0F76 /* DTO */ = {
			isa = PBXGroup;
			children = (
				3AB4F7892A03797C004C0F76 /* DTO+Namespace.swift */,
				3AB4F78B2A0379A2004C0F76 /* DTO+Music.swift */,
				3AB4F78D2A0379AB004C0F76 /* DTO+Pin.swift */,
				3AB4F78F2A0379B1004C0F76 /* DTO+PinCluster.swift */,
				3AB7EF482A0519D700B8FEDB /* DTO+User.swift */,
			);
			path = DTO;
			sourceTree = "<group>";
		};
		3AB4F7912A0379DA004C0F76 /* Repository */ = {
			isa = PBXGroup;
			children = (
				3AB4F7942A037A69004C0F76 /* Interface */,
				3AB4F7952A037A6E004C0F76 /* Implementation */,
			);
			path = Repository;
			sourceTree = "<group>";
		};
		3AB4F7942A037A69004C0F76 /* Interface */ = {
			isa = PBXGroup;
			children = (
				D4F57D232A0397CD00582857 /* AddPinRepository.swift */,
				D4F57D242A0397CD00582857 /* GeoCodeRepository.swift */,
				3AB4F7922A0379F6004C0F76 /* PinsRepository.swift */,
				3AE353DD2A03949B00D5A2B5 /* PinClustersRepository.swift */,
				AF9E9D482A08E78E00EC8D9E /* RequestMusicRepositoryInterface.swift */,
				AF9E9D472A08E78D00EC8D9E /* RequestWeatherRepositoryInterface.swift */,
				3AB7EF442A05181100B8FEDB /* UsersRepository.swift */,
				3AD1DE602A08E83700A49E95 /* CSRFTokenRepository.swift */,
				D4F19C5E2A09179200ABB567 /* LocationRepository.swift */,
				D4F19C602A0917CC00ABB567 /* DeviceRepository.swift */,
				D45C9E0B2A0A461B00FAA39C /* GetPinsRepository.swift */,
			);
			path = Interface;
			sourceTree = "<group>";
		};
		3AB4F7952A037A6E004C0F76 /* Implementation */ = {
			isa = PBXGroup;
			children = (
				D4F57CFB2A02635400582857 /* RequestLocationRepository.swift */,
				D4F19C552A08E7A100ABB567 /* RequestDeviceRepository.swift */,
				D4F19C5B2A0915F000ABB567 /* RequestGeoCodeRepository.swift */,
				3AB4F7962A037A84004C0F76 /* APIPinsRepository.swift */,
				3AE353DF2A0394BA00D5A2B5 /* APIPinClustersRepository.swift */,
				AF9E9D412A08E68B00EC8D9E /* RequestMusicRepository.swift */,
				AF9E9D422A08E68B00EC8D9E /* RequestWeatherRepository.swift */,
				3AB7EF462A0519AE00B8FEDB /* APIUsersRepository.swift */,
				3AD1DE622A08E84000A49E95 /* APICSRFTokenRepository.swift */,
			);
			path = Implementation;
			sourceTree = "<group>";
		};
		3AD1DE2B2A053A5500A49E95 /* Pins */ = {
			isa = PBXGroup;
			children = (
				3AD1DE2F2A053B3700A49E95 /* APITarget+Pins.swift */,
				3AD1DE272A05396F00A49E95 /* PinsCreateAPITarget.swift */,
				3AD1DE382A053E9300A49E95 /* PinsReadListAPITarget.swift */,
				3AD1DE3A2A053EA100A49E95 /* PinsReadDetailAPITarget.swift */,
				3AD1DE3C2A053EAD00A49E95 /* PinsUpdateAPITarget.swift */,
				3AD1DE352A053CB300A49E95 /* PinsDeleteAPITarget.swift */,
				3A7AF56F2A11573C00E2B7E1 /* PinsLatestAPITarget.swift */,
			);
			path = Pins;
			sourceTree = "<group>";
		};
		3AD1DE2C2A053A5D00A49E95 /* PinClusters */ = {
			isa = PBXGroup;
			children = (
				3AD1DE312A053B4100A49E95 /* APITarget+PinClusters.swift */,
				3AE353DB2A03935A00D5A2B5 /* PinClustersListAPITarget.swift */,
			);
			path = PinClusters;
			sourceTree = "<group>";
		};
		3AD1DE2D2A053A7400A49E95 /* Users */ = {
			isa = PBXGroup;
			children = (
				3AD1DE332A053B4A00A49E95 /* APITarget+Users.swift */,
				3AD1DE212A05370C00A49E95 /* UsersSignupAPITarget.swift */,
				3AD1DE232A05371600A49E95 /* UsersLoginAPITarget.swift */,
			);
			path = Users;
			sourceTree = "<group>";
		};
		3AD1DE372A053E2A00A49E95 /* Util */ = {
			isa = PBXGroup;
			children = (
				3AD1DE252A05375C00A49E95 /* AuthParameters.swift */,
				3AD1DE472A055B3300A49E95 /* APIError.swift */,
				3AD1DE412A053F8300A49E95 /* ParametersRequestable.swift */,
				3AD1DE452A0544E900A49E95 /* Responsable.swift */,
			);
			path = Util;
			sourceTree = "<group>";
		};
		3AD1DE492A055FC300A49E95 /* AuthUseCase */ = {
			isa = PBXGroup;
			children = (
				3AD1DE4A2A055FD800A49E95 /* AuthUseCase.swift */,
				3AD1DE4C2A05600200A49E95 /* APIAuthUseCase.swift */,
			);
			path = AuthUseCase;
			sourceTree = "<group>";
		};
		3AD1DE512A05665A00A49E95 /* Util */ = {
			isa = PBXGroup;
			children = (
				3AD1DE522A05667900A49E95 /* DeviceId.swift */,
				3AD1DE542A05668200A49E95 /* UserDefaultsWrapper.swift */,
				3A2811712A0D136500469988 /* PinsCategory.swift */,
			);
			path = Util;
			sourceTree = "<group>";
		};
		3AD1DE562A05695800A49E95 /* User */ = {
			isa = PBXGroup;
			children = (
				3AD1DE572A05696A00A49E95 /* CurrentUser.swift */,
				3AD1DE4F2A05632400A49E95 /* DefaultCurrentUser.swift */,
				3AD1DE592A0569B800A49E95 /* MockCurrentUser.swift */,
			);
			path = User;
			sourceTree = "<group>";
		};
		3AD1DE5B2A08DB1C00A49E95 /* LaunchScreen */ = {
			isa = PBXGroup;
			children = (
				3AD1DE5C2A08DB3100A49E95 /* LaunchScreenView.swift */,
				3AD1DE5E2A08DB7000A49E95 /* LaunchScreenReducer.swift */,
			);
			path = LaunchScreen;
			sourceTree = "<group>";
		};
		3AE353D72A0390BA00D5A2B5 /* Extension */ = {
			isa = PBXGroup;
			children = (
				3AB4F7982A037CA5004C0F76 /* Encodable+Dictionary.swift */,
			);
			path = Extension;
			sourceTree = "<group>";
		};
		3AE353D82A0390C200D5A2B5 /* Implementation */ = {
			isa = PBXGroup;
			children = (
				3AD1DE432A05419200A49E95 /* APIProvider.swift */,
				3AE353D92A0390E000D5A2B5 /* APIJSONDecoder.swift */,
			);
			path = Implementation;
			sourceTree = "<group>";
		};
		AF03F8C12A02663500E90660 /* Entities */ = {
			isa = PBXGroup;
			children = (
				3AD1DE562A05695800A49E95 /* User */,
				D4F57D182A03970D00582857 /* Location.swift */,
				D4F57D192A03970D00582857 /* Pin.swift */,
				3AEBFCD52A1370B0001C7219 /* PinCluster.swift */,
				AF03F8C22A026BA100E90660 /* Music.swift */,
				AF03F8C72A027A8600E90660 /* Weather.swift */,
			);
			path = Entities;
			sourceTree = "<group>";
		};
		AF03F8C42A026C8D00E90660 /* UseCases */ = {
			isa = PBXGroup;
			children = (
				3AD1DE492A055FC300A49E95 /* AuthUseCase */,
				D4F57D1D2A0397C000582857 /* PinUseCases */,
				AF1078C52A039E4500DB8EDA /* MusicUseCases */,
				AF1078C82A04FB2900DB8EDA /* WeatherUseCases */,
			);
			path = UseCases;
			sourceTree = "<group>";
		};
		AF03F8D02A02AB2700E90660 /* Reducers */ = {
			isa = PBXGroup;
			children = (
				AF6800BB2A0393F50096D65B /* PinMusicReducer.swift */,
				AF1078C92A05101B00DB8EDA /* SearchMusicReducer.swift */,
				AF12DDF02A0CEAEA00543B28 /* ArchiveMusicReducer.swift */,
				D450FEB22A0E135800909E90 /* PassEntityProtocol.swift */,
			);
			path = Reducers;
			sourceTree = "<group>";
		};
		AF1078C52A039E4500DB8EDA /* MusicUseCases */ = {
			isa = PBXGroup;
			children = (
				AF03F8C52A0279B400E90660 /* SearchMusicUseCase.swift */,
				AF1078C62A039E8B00DB8EDA /* MusicChartUseCase.swift */,
			);
			path = MusicUseCases;
			sourceTree = "<group>";
		};
		AF1078C82A04FB2900DB8EDA /* WeatherUseCases */ = {
			isa = PBXGroup;
			children = (
				AF03F8CC2A02835200E90660 /* RequestWeatherUseCase.swift */,
			);
			path = WeatherUseCases;
			sourceTree = "<group>";
		};
		AF313BA52A0A2D9700D38A87 /* ArchiveMusic */ = {
			isa = PBXGroup;
			children = (
				AF313BA62A0A2DCE00D38A87 /* ArchiveMusicView.swift */,
				AF1D63962A0CD359008E0226 /* ArchiveMusicCell.swift */,
			);
			path = ArchiveMusic;
			sourceTree = "<group>";
		};
		AF477E2C2A13680C00E718BD /* ArchiveInfo */ = {
			isa = PBXGroup;
			children = (
				AF477E2D2A13682400E718BD /* ArchiveInfoView.swift */,
			);
			path = ArchiveInfo;
			sourceTree = "<group>";
		};
		AF9E9D512A0A10C600EC8D9E /* View */ = {
			isa = PBXGroup;
			children = (
				D413D3882A11355900AFDB1E /* Album.swift */,
				D413D3862A11353600AFDB1E /* ArchiveView.swift */,
				851E3C382A0B70FE00744403 /* PrimaryView.swift */,
				AF313BA52A0A2D9700D38A87 /* ArchiveMusic */,
				AF9E9D522A0A10DC00EC8D9E /* SearchMusic */,
				AF477E2C2A13680C00E718BD /* ArchiveInfo */,
				D450FEB72A0FC84F00909E90 /* DetailPinPopUpView.swift */,
			);
			path = View;
			sourceTree = "<group>";
		};
		AF9E9D522A0A10DC00EC8D9E /* SearchMusic */ = {
			isa = PBXGroup;
			children = (
				AF9E9D532A0A10E900EC8D9E /* SearchMusicView.swift */,
				AF9E9D562A0A161A00EC8D9E /* SearchMusicCell.swift */,
			);
			path = SearchMusic;
			sourceTree = "<group>";
		};
		D45C9DFB2A0A22FE00FAA39C /* MapView */ = {
			isa = PBXGroup;
			children = (
				D45C9E012A0A236D00FAA39C /* Pin */,
				D4F19C642A091D0D00ABB567 /* MapView.swift */,
			);
			path = MapView;
			sourceTree = "<group>";
		};
		D45C9E012A0A236D00FAA39C /* Pin */ = {
			isa = PBXGroup;
			children = (
				D45C9E052A0A245000FAA39C /* Protocol */,
				D45C9E042A0A244B00FAA39C /* View */,
			);
			path = Pin;
			sourceTree = "<group>";
		};
		D45C9E042A0A244B00FAA39C /* View */ = {
			isa = PBXGroup;
			children = (
				D45C9DFF2A0A234500FAA39C /* AnnotaitionPinView.swift */,
			);
			path = View;
			sourceTree = "<group>";
		};
		D45C9E052A0A245000FAA39C /* Protocol */ = {
			isa = PBXGroup;
			children = (
				D45C9E072A0A246F00FAA39C /* PinAnnotationProtocol.swift */,
			);
			path = Protocol;
			sourceTree = "<group>";
		};
		D45C9E0D2A0A749600FAA39C /* DIContanier */ = {
			isa = PBXGroup;
			children = (
				D45C9E0E2A0A74AF00FAA39C /* MappinDIContainer.swift */,
				D45C9E102A0A754B00FAA39C /* DefaultMockDIContainer.swift */,
			);
			path = DIContanier;
			sourceTree = "<group>";
		};
		D4F57CC62A0243AB00582857 = {
			isa = PBXGroup;
			children = (
				D4F57CD12A0243AB00582857 /* Mappin */,
				D4F57CD02A0243AB00582857 /* Products */,
				D4F57D162A03970000582857 /* Recovered References */,
			);
			sourceTree = "<group>";
		};
		D4F57CD02A0243AB00582857 /* Products */ = {
			isa = PBXGroup;
			children = (
				D4F57CCF2A0243AB00582857 /* Mappin.app */,
			);
			name = Products;
			sourceTree = "<group>";
		};
		D4F57CD12A0243AB00582857 /* Mappin */ = {
			isa = PBXGroup;
			children = (
				D450FEB42A0E2B2C00909E90 /* Mappin.entitlements */,
				D4F57CF92A0260D100582857 /* Info.plist */,
				D4F57CD22A0243AB00582857 /* MappinApp.swift */,
				D4F57CEB2A02547100582857 /* Common */,
				D4F57CE52A02453800582857 /* Data */,
				D4F57CE42A02452600582857 /* Domain */,
				D4F57CE32A02452000582857 /* Presentation */,
				D4F57CEA2A024DBE00582857 /* Resource */,
				D4F57CD82A0243AC00582857 /* Preview Content */,
			);
			path = Mappin;
			sourceTree = "<group>";
		};
		D4F57CD82A0243AC00582857 /* Preview Content */ = {
			isa = PBXGroup;
			children = (
				D4F57CD92A0243AC00582857 /* Preview Assets.xcassets */,
			);
			path = "Preview Content";
			sourceTree = "<group>";
		};
		D4F57CE32A02452000582857 /* Presentation */ = {
			isa = PBXGroup;
			children = (
				3A2811762A0E157800469988 /* Util */,
				3A28116E2A0CB5CE00469988 /* ArchiveMap */,
				3A1DC8E52A0A151100B7462E /* Toast */,
				3AD1DE5B2A08DB1C00A49E95 /* LaunchScreen */,
				AF9E9D512A0A10C600EC8D9E /* View */,
				AF03F8D02A02AB2700E90660 /* Reducers */,
				D4F57CD42A0243AB00582857 /* ContentView.swift */,
				D45C9DFB2A0A22FE00FAA39C /* MapView */,
			);
			path = Presentation;
			sourceTree = "<group>";
		};
		D4F57CE42A02452600582857 /* Domain */ = {
			isa = PBXGroup;
			children = (
				AF03F8C42A026C8D00E90660 /* UseCases */,
				AF03F8C12A02663500E90660 /* Entities */,
				3AD1DE512A05665A00A49E95 /* Util */,
			);
			path = Domain;
			sourceTree = "<group>";
		};
		D4F57CE52A02453800582857 /* Data */ = {
			isa = PBXGroup;
			children = (
				3AB4F7672A0373A8004C0F76 /* API */,
				3AB4F7882A037971004C0F76 /* DTO */,
				3AB4F7912A0379DA004C0F76 /* Repository */,
				3AB4F7772A0377F6004C0F76 /* Util */,
			);
			path = Data;
			sourceTree = "<group>";
		};
		D4F57CEA2A024DBE00582857 /* Resource */ = {
			isa = PBXGroup;
			children = (
				D4F57CD62A0243AC00582857 /* Assets.xcassets */,
			);
			path = Resource;
			sourceTree = "<group>";
		};
		D4F57CEB2A02547100582857 /* Common */ = {
			isa = PBXGroup;
			children = (
				D45C9E0D2A0A749600FAA39C /* DIContanier */,
				D4F57CF62A02604900582857 /* Intent */,
				D4F57CEC2A02548400582857 /* Extension */,
			);
			path = Common;
			sourceTree = "<group>";
		};
		D4F57CEC2A02548400582857 /* Extension */ = {
			isa = PBXGroup;
			children = (
				D4F57CED2A02548E00582857 /* Color+.swift */,
				D4F19C532A08DC0300ABB567 /* MKCoordinateRegion+.swift */,
				AF9E9D4C2A08E7E000EC8D9E /* MusicItemCollection+.swift */,
				AF9E9D4B2A08E7E000EC8D9E /* String+.swift */,
				D45C9DF92A0A22DD00FAA39C /* MKMapView+.swift */,
				3A1DC8EE2A0A8D9600B7462E /* BinaryFloatingPoint+.swift */,
			);
			path = Extension;
			sourceTree = "<group>";
		};
		D4F57CF62A02604900582857 /* Intent */ = {
			isa = PBXGroup;
			children = (
				D4F57CF72A02609100582857 /* AddPinIntent.swift */,
			);
			path = Intent;
			sourceTree = "<group>";
		};
		D4F57D162A03970000582857 /* Recovered References */ = {
			isa = PBXGroup;
			children = (
				D4F57D272A03980C00582857 /* PinMusicReducer.swift */,
			);
			name = "Recovered References";
			sourceTree = "<group>";
		};
		D4F57D1D2A0397C000582857 /* PinUseCases */ = {
			isa = PBXGroup;
			children = (
				D4F57D1E2A0397C000582857 /* AddPinUseCase.swift */,
				D4F19C622A091A2A00ABB567 /* GetPinsUseCase.swift */,
				AF12DDFA2A0FEF4900543B28 /* RemovePinUseCase.swift */,
			);
			path = PinUseCases;
			sourceTree = "<group>";
		};
/* End PBXGroup section */

/* Begin PBXNativeTarget section */
		D4F57CCE2A0243AB00582857 /* Mappin */ = {
			isa = PBXNativeTarget;
			buildConfigurationList = D4F57CDD2A0243AC00582857 /* Build configuration list for PBXNativeTarget "Mappin" */;
			buildPhases = (
				D4F57CCB2A0243AB00582857 /* Sources */,
				D4F57CCC2A0243AB00582857 /* Frameworks */,
				D4F57CCD2A0243AB00582857 /* Resources */,
			);
			buildRules = (
			);
			dependencies = (
			);
			name = Mappin;
			packageProductDependencies = (
				D4F57CE12A0244E200582857 /* ComposableArchitecture */,
				3AB4F7842A03792D004C0F76 /* CombineMoya */,
				3AB4F7862A03792D004C0F76 /* Moya */,
			);
			productName = Mappin;
			productReference = D4F57CCF2A0243AB00582857 /* Mappin.app */;
			productType = "com.apple.product-type.application";
		};
/* End PBXNativeTarget section */

/* Begin PBXProject section */
		D4F57CC72A0243AB00582857 /* Project object */ = {
			isa = PBXProject;
			attributes = {
				BuildIndependentTargetsInParallel = 1;
				LastSwiftUpdateCheck = 1430;
				LastUpgradeCheck = 1430;
				TargetAttributes = {
					D4F57CCE2A0243AB00582857 = {
						CreatedOnToolsVersion = 14.3;
					};
				};
			};
			buildConfigurationList = D4F57CCA2A0243AB00582857 /* Build configuration list for PBXProject "Mappin" */;
			compatibilityVersion = "Xcode 14.0";
			developmentRegion = en;
			hasScannedForEncodings = 0;
			knownRegions = (
				en,
				Base,
			);
			mainGroup = D4F57CC62A0243AB00582857;
			packageReferences = (
				D4F57CE02A0244E200582857 /* XCRemoteSwiftPackageReference "swift-composable-architecture" */,
				3AB4F7832A03792D004C0F76 /* XCRemoteSwiftPackageReference "Moya" */,
			);
			productRefGroup = D4F57CD02A0243AB00582857 /* Products */;
			projectDirPath = "";
			projectRoot = "";
			targets = (
				D4F57CCE2A0243AB00582857 /* Mappin */,
			);
		};
/* End PBXProject section */

/* Begin PBXResourcesBuildPhase section */
		D4F57CCD2A0243AB00582857 /* Resources */ = {
			isa = PBXResourcesBuildPhase;
			buildActionMask = 2147483647;
			files = (
				D4F57CDA2A0243AC00582857 /* Preview Assets.xcassets in Resources */,
				D4F57CD72A0243AC00582857 /* Assets.xcassets in Resources */,
			);
			runOnlyForDeploymentPostprocessing = 0;
		};
/* End PBXResourcesBuildPhase section */

/* Begin PBXSourcesBuildPhase section */
		D4F57CCB2A0243AB00582857 /* Sources */ = {
			isa = PBXSourcesBuildPhase;
			buildActionMask = 2147483647;
			files = (
				D4F57CFC2A02635400582857 /* RequestLocationRepository.swift in Sources */,
				D4F19C562A08E7A100ABB567 /* RequestDeviceRepository.swift in Sources */,
				AF9E9D4A2A08E78E00EC8D9E /* RequestMusicRepositoryInterface.swift in Sources */,
				D4F57CFC2A02635400582857 /* RequestLocationRepository.swift in Sources */,
				3AB7EF472A0519AE00B8FEDB /* APIUsersRepository.swift in Sources */,
				3AEBFCD62A1370B0001C7219 /* PinCluster.swift in Sources */,
				D4F57CD52A0243AB00582857 /* ContentView.swift in Sources */,
				D45C9E112A0A754B00FAA39C /* DefaultMockDIContainer.swift in Sources */,
				3A2811722A0D136500469988 /* PinsCategory.swift in Sources */,
				D45C9E112A0A754B00FAA39C /* DefaultMockDIContainer.swift in Sources */,
				3A2811782A0E158400469988 /* PinsCategoryReceivable.swift in Sources */,
				3AD1DE552A05668200A49E95 /* UserDefaultsWrapper.swift in Sources */,
				D4F57CEE2A02548E00582857 /* Color+.swift in Sources */,
				3AD1DE442A05419200A49E95 /* APIProvider.swift in Sources */,
				3AD1DE4D2A05600200A49E95 /* APIAuthUseCase.swift in Sources */,
				3AD1DE582A05696A00A49E95 /* CurrentUser.swift in Sources */,
				D4F57D252A0397CD00582857 /* AddPinRepository.swift in Sources */,
				D4F57D1C2A03970D00582857 /* Pin.swift in Sources */,
				AF9E9D572A0A161A00EC8D9E /* SearchMusicCell.swift in Sources */,
				D4F19C5C2A0915F000ABB567 /* RequestGeoCodeRepository.swift in Sources */,
				3AD1DE302A053B3700A49E95 /* APITarget+Pins.swift in Sources */,
				3AE353DC2A03935A00D5A2B5 /* PinClustersListAPITarget.swift in Sources */,
				AF9E9D592A0A17B200EC8D9E /* MusicChartUseCase.swift in Sources */,
				D4F57CF82A02609100582857 /* AddPinIntent.swift in Sources */,
				D450FEB32A0E135800909E90 /* PassEntityProtocol.swift in Sources */,
				3AE353DA2A0390E000D5A2B5 /* APIJSONDecoder.swift in Sources */,
				D4F19C5D2A09160200ABB567 /* PinMusicReducer.swift in Sources */,
				3AD1DE392A053E9300A49E95 /* PinsReadListAPITarget.swift in Sources */,
				3AD1DE242A05371600A49E95 /* UsersLoginAPITarget.swift in Sources */,
				3AD1DE4B2A055FD800A49E95 /* AuthUseCase.swift in Sources */,
				D45C9DFA2A0A22DD00FAA39C /* MKMapView+.swift in Sources */,
				D4F57D262A0397CD00582857 /* GeoCodeRepository.swift in Sources */,
				3A7AF5702A11573C00E2B7E1 /* PinsLatestAPITarget.swift in Sources */,
				D4F19C5F2A09179200ABB567 /* LocationRepository.swift in Sources */,
				AF9E9D442A08E68B00EC8D9E /* RequestWeatherRepository.swift in Sources */,
				D4F57CD32A0243AB00582857 /* MappinApp.swift in Sources */,
				AF9E9D4D2A08E7E000EC8D9E /* String+.swift in Sources */,
				3AD1DE462A0544E900A49E95 /* Responsable.swift in Sources */,
				3AD1DE362A053CB300A49E95 /* PinsDeleteAPITarget.swift in Sources */,
				AF9E9D492A08E78E00EC8D9E /* RequestWeatherRepositoryInterface.swift in Sources */,
				3AD1DE342A053B4A00A49E95 /* APITarget+Users.swift in Sources */,
				3A1DC8E72A0A151A00B7462E /* ToastView.swift in Sources */,
				3AB7EF492A0519D700B8FEDB /* DTO+User.swift in Sources */,
				851E3C3F2A0B70FE00744403 /* PrimaryView.swift in Sources */,
				D413D3892A11355900AFDB1E /* Album.swift in Sources */,
				AF9E9D552A0A12C700EC8D9E /* PinMusicReducer.swift in Sources */,
				D4F57D212A0397C000582857 /* AddPinUseCase.swift in Sources */,
				3AE353E02A0394BA00D5A2B5 /* APIPinClustersRepository.swift in Sources */,
				AF9E9D582A0A174900EC8D9E /* SearchMusicReducer.swift in Sources */,
				D45C9E0C2A0A461B00FAA39C /* GetPinsRepository.swift in Sources */,
				D4F57D212A0397C000582857 /* AddPinUseCase.swift in Sources */,
				D450FEB82A0FC84F00909E90 /* DetailPinPopUpView.swift in Sources */,
				3A2811702A0CB5EC00469988 /* ArchiveMapReducer.swift in Sources */,
				3AE353E02A0394BA00D5A2B5 /* APIPinClustersRepository.swift in Sources */,
				3AB4F7902A0379B1004C0F76 /* DTO+PinCluster.swift in Sources */,
				3AD1DE632A08E84000A49E95 /* APICSRFTokenRepository.swift in Sources */,
				3AD1DE482A055B3300A49E95 /* APIError.swift in Sources */,
				D45C9E082A0A246F00FAA39C /* PinAnnotationProtocol.swift in Sources */,
				3AB4F7972A037A84004C0F76 /* APIPinsRepository.swift in Sources */,
				3A1DC8E12A08E9A800B7462E /* CSRFTokenAPITarget.swift in Sources */,
				3AD1DE612A08E83700A49E95 /* CSRFTokenRepository.swift in Sources */,
				D4F19C612A0917CC00ABB567 /* DeviceRepository.swift in Sources */,
				3A28116D2A0B9CF100469988 /* ArchiveMapView.swift in Sources */,
				3AB4F7932A0379F6004C0F76 /* PinsRepository.swift in Sources */,
				3A1DC8EF2A0A8D9600B7462E /* BinaryFloatingPoint+.swift in Sources */,
				D4F57CD52A0243AB00582857 /* ContentView.swift in Sources */,
				3AD1DE5F2A08DB7000A49E95 /* LaunchScreenReducer.swift in Sources */,
				3AB4F78E2A0379AB004C0F76 /* DTO+Pin.swift in Sources */,
				3AD1DE262A05375C00A49E95 /* AuthParameters.swift in Sources */,
				3AD1DE5D2A08DB3100A49E95 /* LaunchScreenView.swift in Sources */,
				3AB4F78C2A0379A2004C0F76 /* DTO+Music.swift in Sources */,
				D4F19C542A08DC0300ABB567 /* MKCoordinateRegion+.swift in Sources */,
				3AB4F7992A037CA5004C0F76 /* Encodable+Dictionary.swift in Sources */,
				AF477E2E2A13682400E718BD /* ArchiveInfoView.swift in Sources */,
				3AE353DE2A03949B00D5A2B5 /* PinClustersRepository.swift in Sources */,
				3AB4F78A2A03797C004C0F76 /* DTO+Namespace.swift in Sources */,
				3AD1DE5A2A0569B800A49E95 /* MockCurrentUser.swift in Sources */,
				3AD1DE322A053B4100A49E95 /* APITarget+PinClusters.swift in Sources */,
				D413D3872A11353600AFDB1E /* ArchiveView.swift in Sources */,
				AF313BA72A0A2DCE00D38A87 /* ArchiveMusicView.swift in Sources */,
				AF12DDFB2A0FEF4900543B28 /* RemovePinUseCase.swift in Sources */,
				D4F19C632A091A2A00ABB567 /* GetPinsUseCase.swift in Sources */,
				3A7776FE2A0FEF7C008FA4EA /* UniqueAction.swift in Sources */,
				3AD1DE3B2A053EA100A49E95 /* PinsReadDetailAPITarget.swift in Sources */,
				AF9E9D432A08E68B00EC8D9E /* RequestMusicRepository.swift in Sources */,
				AF1D63972A0CD359008E0226 /* ArchiveMusicCell.swift in Sources */,
				D4F57CD32A0243AB00582857 /* MappinApp.swift in Sources */,
				3AB4F7692A0373BF004C0F76 /* APITarget.swift in Sources */,
				D4F19C652A091D0D00ABB567 /* MapView.swift in Sources */,
				D4F57D1B2A03970D00582857 /* Location.swift in Sources */,
				3AD1DE502A05632400A49E95 /* DefaultCurrentUser.swift in Sources */,
				3AD1DE282A05396F00A49E95 /* PinsCreateAPITarget.swift in Sources */,
				AF9E9D4E2A08E7E000EC8D9E /* MusicItemCollection+.swift in Sources */,
				3A1DC8E92A0A161D00B7462E /* ToastManager.swift in Sources */,
				3A1DC8DC2A08E93900B7462E /* PinMusicReducer.swift in Sources */,
				AF03F8CD2A02835200E90660 /* RequestWeatherUseCase.swift in Sources */,
				3AD1DE532A05667900A49E95 /* DeviceId.swift in Sources */,
				AF03F8C32A026BA100E90660 /* Music.swift in Sources */,
				AF03F8C62A0279B400E90660 /* SearchMusicUseCase.swift in Sources */,
				3A1DC8EB2A0A21FB00B7462E /* ToastManagerProtocol.swift in Sources */,
				3A7AF56E2A113F3A00E2B7E1 /* Date+Format.swift in Sources */,
				3AB7EF452A05181100B8FEDB /* UsersRepository.swift in Sources */,
				3AD1DE3D2A053EAD00A49E95 /* PinsUpdateAPITarget.swift in Sources */,
				AF9E9D542A0A10E900EC8D9E /* SearchMusicView.swift in Sources */,
				AF03F8C82A027A8600E90660 /* Weather.swift in Sources */,
				3AD1DE422A053F8300A49E95 /* ParametersRequestable.swift in Sources */,
				D45C9E0F2A0A74AF00FAA39C /* MappinDIContainer.swift in Sources */,
				3A1DC8DF2A08E99300B7462E /* APITarget+ETC.swift in Sources */,
				3AD1DE222A05370C00A49E95 /* UsersSignupAPITarget.swift in Sources */,
				AF12DDF12A0CEAEA00543B28 /* ArchiveMusicReducer.swift in Sources */,
				D45C9E002A0A234500FAA39C /* AnnotaitionPinView.swift in Sources */,
			);
			runOnlyForDeploymentPostprocessing = 0;
		};
/* End PBXSourcesBuildPhase section */

/* Begin XCBuildConfiguration section */
		D4F57CDB2A0243AC00582857 /* Debug */ = {
			isa = XCBuildConfiguration;
			buildSettings = {
				ALWAYS_SEARCH_USER_PATHS = NO;
				CLANG_ANALYZER_NONNULL = YES;
				CLANG_ANALYZER_NUMBER_OBJECT_CONVERSION = YES_AGGRESSIVE;
				CLANG_CXX_LANGUAGE_STANDARD = "gnu++20";
				CLANG_ENABLE_MODULES = YES;
				CLANG_ENABLE_OBJC_ARC = YES;
				CLANG_ENABLE_OBJC_WEAK = YES;
				CLANG_WARN_BLOCK_CAPTURE_AUTORELEASING = YES;
				CLANG_WARN_BOOL_CONVERSION = YES;
				CLANG_WARN_COMMA = YES;
				CLANG_WARN_CONSTANT_CONVERSION = YES;
				CLANG_WARN_DEPRECATED_OBJC_IMPLEMENTATIONS = YES;
				CLANG_WARN_DIRECT_OBJC_ISA_USAGE = YES_ERROR;
				CLANG_WARN_DOCUMENTATION_COMMENTS = YES;
				CLANG_WARN_EMPTY_BODY = YES;
				CLANG_WARN_ENUM_CONVERSION = YES;
				CLANG_WARN_INFINITE_RECURSION = YES;
				CLANG_WARN_INT_CONVERSION = YES;
				CLANG_WARN_NON_LITERAL_NULL_CONVERSION = YES;
				CLANG_WARN_OBJC_IMPLICIT_RETAIN_SELF = YES;
				CLANG_WARN_OBJC_LITERAL_CONVERSION = YES;
				CLANG_WARN_OBJC_ROOT_CLASS = YES_ERROR;
				CLANG_WARN_QUOTED_INCLUDE_IN_FRAMEWORK_HEADER = YES;
				CLANG_WARN_RANGE_LOOP_ANALYSIS = YES;
				CLANG_WARN_STRICT_PROTOTYPES = YES;
				CLANG_WARN_SUSPICIOUS_MOVE = YES;
				CLANG_WARN_UNGUARDED_AVAILABILITY = YES_AGGRESSIVE;
				CLANG_WARN_UNREACHABLE_CODE = YES;
				CLANG_WARN__DUPLICATE_METHOD_MATCH = YES;
				COPY_PHASE_STRIP = NO;
				DEBUG_INFORMATION_FORMAT = dwarf;
				ENABLE_STRICT_OBJC_MSGSEND = YES;
				ENABLE_TESTABILITY = YES;
				GCC_C_LANGUAGE_STANDARD = gnu11;
				GCC_DYNAMIC_NO_PIC = NO;
				GCC_NO_COMMON_BLOCKS = YES;
				GCC_OPTIMIZATION_LEVEL = 0;
				GCC_PREPROCESSOR_DEFINITIONS = (
					"DEBUG=1",
					"$(inherited)",
				);
				GCC_WARN_64_TO_32_BIT_CONVERSION = YES;
				GCC_WARN_ABOUT_RETURN_TYPE = YES_ERROR;
				GCC_WARN_UNDECLARED_SELECTOR = YES;
				GCC_WARN_UNINITIALIZED_AUTOS = YES_AGGRESSIVE;
				GCC_WARN_UNUSED_FUNCTION = YES;
				GCC_WARN_UNUSED_VARIABLE = YES;
				IPHONEOS_DEPLOYMENT_TARGET = 16.4;
				MTL_ENABLE_DEBUG_INFO = INCLUDE_SOURCE;
				MTL_FAST_MATH = YES;
				ONLY_ACTIVE_ARCH = YES;
				SDKROOT = iphoneos;
				SWIFT_ACTIVE_COMPILATION_CONDITIONS = DEBUG;
				SWIFT_OPTIMIZATION_LEVEL = "-Onone";
			};
			name = Debug;
		};
		D4F57CDC2A0243AC00582857 /* Release */ = {
			isa = XCBuildConfiguration;
			buildSettings = {
				ALWAYS_SEARCH_USER_PATHS = NO;
				CLANG_ANALYZER_NONNULL = YES;
				CLANG_ANALYZER_NUMBER_OBJECT_CONVERSION = YES_AGGRESSIVE;
				CLANG_CXX_LANGUAGE_STANDARD = "gnu++20";
				CLANG_ENABLE_MODULES = YES;
				CLANG_ENABLE_OBJC_ARC = YES;
				CLANG_ENABLE_OBJC_WEAK = YES;
				CLANG_WARN_BLOCK_CAPTURE_AUTORELEASING = YES;
				CLANG_WARN_BOOL_CONVERSION = YES;
				CLANG_WARN_COMMA = YES;
				CLANG_WARN_CONSTANT_CONVERSION = YES;
				CLANG_WARN_DEPRECATED_OBJC_IMPLEMENTATIONS = YES;
				CLANG_WARN_DIRECT_OBJC_ISA_USAGE = YES_ERROR;
				CLANG_WARN_DOCUMENTATION_COMMENTS = YES;
				CLANG_WARN_EMPTY_BODY = YES;
				CLANG_WARN_ENUM_CONVERSION = YES;
				CLANG_WARN_INFINITE_RECURSION = YES;
				CLANG_WARN_INT_CONVERSION = YES;
				CLANG_WARN_NON_LITERAL_NULL_CONVERSION = YES;
				CLANG_WARN_OBJC_IMPLICIT_RETAIN_SELF = YES;
				CLANG_WARN_OBJC_LITERAL_CONVERSION = YES;
				CLANG_WARN_OBJC_ROOT_CLASS = YES_ERROR;
				CLANG_WARN_QUOTED_INCLUDE_IN_FRAMEWORK_HEADER = YES;
				CLANG_WARN_RANGE_LOOP_ANALYSIS = YES;
				CLANG_WARN_STRICT_PROTOTYPES = YES;
				CLANG_WARN_SUSPICIOUS_MOVE = YES;
				CLANG_WARN_UNGUARDED_AVAILABILITY = YES_AGGRESSIVE;
				CLANG_WARN_UNREACHABLE_CODE = YES;
				CLANG_WARN__DUPLICATE_METHOD_MATCH = YES;
				COPY_PHASE_STRIP = NO;
				DEBUG_INFORMATION_FORMAT = "dwarf-with-dsym";
				ENABLE_NS_ASSERTIONS = NO;
				ENABLE_STRICT_OBJC_MSGSEND = YES;
				GCC_C_LANGUAGE_STANDARD = gnu11;
				GCC_NO_COMMON_BLOCKS = YES;
				GCC_WARN_64_TO_32_BIT_CONVERSION = YES;
				GCC_WARN_ABOUT_RETURN_TYPE = YES_ERROR;
				GCC_WARN_UNDECLARED_SELECTOR = YES;
				GCC_WARN_UNINITIALIZED_AUTOS = YES_AGGRESSIVE;
				GCC_WARN_UNUSED_FUNCTION = YES;
				GCC_WARN_UNUSED_VARIABLE = YES;
				IPHONEOS_DEPLOYMENT_TARGET = 16.4;
				MTL_ENABLE_DEBUG_INFO = NO;
				MTL_FAST_MATH = YES;
				SDKROOT = iphoneos;
				SWIFT_COMPILATION_MODE = wholemodule;
				SWIFT_OPTIMIZATION_LEVEL = "-O";
				VALIDATE_PRODUCT = YES;
			};
			name = Release;
		};
		D4F57CDE2A0243AC00582857 /* Debug */ = {
			isa = XCBuildConfiguration;
			buildSettings = {
				ASSETCATALOG_COMPILER_APPICON_NAME = AppIcon;
				ASSETCATALOG_COMPILER_GLOBAL_ACCENT_COLOR_NAME = AccentColor;
				CODE_SIGN_ENTITLEMENTS = Mappin/Mappin.entitlements;
				CODE_SIGN_STYLE = Automatic;
				CURRENT_PROJECT_VERSION = 1;
				DEVELOPMENT_ASSET_PATHS = "\"Mappin/Preview Content\"";
				DEVELOPMENT_TEAM = 8R3N359429;
				ENABLE_PREVIEWS = YES;
				GENERATE_INFOPLIST_FILE = YES;
				INFOPLIST_FILE = Mappin/Info.plist;
				INFOPLIST_KEY_NSAppleMusicUsageDescription = "Agree?";
				INFOPLIST_KEY_NSLocationAlwaysAndWhenInUseUsageDescription = "";
				INFOPLIST_KEY_NSLocationAlwaysUsageDescription = "Good?";
				INFOPLIST_KEY_NSLocationWhenInUseUsageDescription = "Good?";
				INFOPLIST_KEY_UIApplicationSceneManifest_Generation = YES;
				INFOPLIST_KEY_UIApplicationSupportsIndirectInputEvents = YES;
				INFOPLIST_KEY_UILaunchScreen_Generation = YES;
				INFOPLIST_KEY_UISupportedInterfaceOrientations_iPad = "UIInterfaceOrientationPortrait UIInterfaceOrientationPortraitUpsideDown UIInterfaceOrientationLandscapeLeft UIInterfaceOrientationLandscapeRight";
				INFOPLIST_KEY_UISupportedInterfaceOrientations_iPhone = "UIInterfaceOrientationPortrait UIInterfaceOrientationLandscapeLeft UIInterfaceOrientationLandscapeRight";
				IPHONEOS_DEPLOYMENT_TARGET = 16.4;
				LD_RUNPATH_SEARCH_PATHS = (
					"$(inherited)",
					"@executable_path/Frameworks",
				);
				MARKETING_VERSION = 1.0;
				PRODUCT_BUNDLE_IDENTIFIER = com.kozi.mappin;
				PRODUCT_NAME = "$(TARGET_NAME)";
				SWIFT_EMIT_LOC_STRINGS = YES;
				SWIFT_VERSION = 5.0;
				TARGETED_DEVICE_FAMILY = "1,2";
			};
			name = Debug;
		};
		D4F57CDF2A0243AC00582857 /* Release */ = {
			isa = XCBuildConfiguration;
			buildSettings = {
				ASSETCATALOG_COMPILER_APPICON_NAME = AppIcon;
				ASSETCATALOG_COMPILER_GLOBAL_ACCENT_COLOR_NAME = AccentColor;
				CODE_SIGN_ENTITLEMENTS = Mappin/Mappin.entitlements;
				CODE_SIGN_STYLE = Automatic;
				CURRENT_PROJECT_VERSION = 1;
				DEVELOPMENT_ASSET_PATHS = "\"Mappin/Preview Content\"";
				DEVELOPMENT_TEAM = 8R3N359429;
				ENABLE_PREVIEWS = YES;
				GENERATE_INFOPLIST_FILE = YES;
				INFOPLIST_FILE = Mappin/Info.plist;
				INFOPLIST_KEY_NSAppleMusicUsageDescription = "Agree?";
				INFOPLIST_KEY_NSLocationAlwaysAndWhenInUseUsageDescription = "";
				INFOPLIST_KEY_NSLocationAlwaysUsageDescription = "Good?";
				INFOPLIST_KEY_NSLocationWhenInUseUsageDescription = "Good?";
				INFOPLIST_KEY_UIApplicationSceneManifest_Generation = YES;
				INFOPLIST_KEY_UIApplicationSupportsIndirectInputEvents = YES;
				INFOPLIST_KEY_UILaunchScreen_Generation = YES;
				INFOPLIST_KEY_UISupportedInterfaceOrientations_iPad = "UIInterfaceOrientationPortrait UIInterfaceOrientationPortraitUpsideDown UIInterfaceOrientationLandscapeLeft UIInterfaceOrientationLandscapeRight";
				INFOPLIST_KEY_UISupportedInterfaceOrientations_iPhone = "UIInterfaceOrientationPortrait UIInterfaceOrientationLandscapeLeft UIInterfaceOrientationLandscapeRight";
				IPHONEOS_DEPLOYMENT_TARGET = 16.4;
				LD_RUNPATH_SEARCH_PATHS = (
					"$(inherited)",
					"@executable_path/Frameworks",
				);
				MARKETING_VERSION = 1.0;
				PRODUCT_BUNDLE_IDENTIFIER = com.kozi.mappin;
				PRODUCT_NAME = "$(TARGET_NAME)";
				SWIFT_EMIT_LOC_STRINGS = YES;
				SWIFT_VERSION = 5.0;
				TARGETED_DEVICE_FAMILY = "1,2";
			};
			name = Release;
		};
/* End XCBuildConfiguration section */

/* Begin XCConfigurationList section */
		D4F57CCA2A0243AB00582857 /* Build configuration list for PBXProject "Mappin" */ = {
			isa = XCConfigurationList;
			buildConfigurations = (
				D4F57CDB2A0243AC00582857 /* Debug */,
				D4F57CDC2A0243AC00582857 /* Release */,
			);
			defaultConfigurationIsVisible = 0;
			defaultConfigurationName = Release;
		};
		D4F57CDD2A0243AC00582857 /* Build configuration list for PBXNativeTarget "Mappin" */ = {
			isa = XCConfigurationList;
			buildConfigurations = (
				D4F57CDE2A0243AC00582857 /* Debug */,
				D4F57CDF2A0243AC00582857 /* Release */,
			);
			defaultConfigurationIsVisible = 0;
			defaultConfigurationName = Release;
		};
/* End XCConfigurationList section */

/* Begin XCRemoteSwiftPackageReference section */
		3AB4F7832A03792D004C0F76 /* XCRemoteSwiftPackageReference "Moya" */ = {
			isa = XCRemoteSwiftPackageReference;
			repositoryURL = "https://github.com/Moya/Moya";
			requirement = {
				kind = upToNextMajorVersion;
				minimumVersion = 15.0.0;
			};
		};
		D4F57CE02A0244E200582857 /* XCRemoteSwiftPackageReference "swift-composable-architecture" */ = {
			isa = XCRemoteSwiftPackageReference;
			repositoryURL = "https://github.com/pointfreeco/swift-composable-architecture.git";
			requirement = {
				kind = upToNextMajorVersion;
				minimumVersion = 0.52.0;
			};
		};
/* End XCRemoteSwiftPackageReference section */

/* Begin XCSwiftPackageProductDependency section */
		3AB4F7842A03792D004C0F76 /* CombineMoya */ = {
			isa = XCSwiftPackageProductDependency;
			package = 3AB4F7832A03792D004C0F76 /* XCRemoteSwiftPackageReference "Moya" */;
			productName = CombineMoya;
		};
		3AB4F7862A03792D004C0F76 /* Moya */ = {
			isa = XCSwiftPackageProductDependency;
			package = 3AB4F7832A03792D004C0F76 /* XCRemoteSwiftPackageReference "Moya" */;
			productName = Moya;
		};
		D4F57CE12A0244E200582857 /* ComposableArchitecture */ = {
			isa = XCSwiftPackageProductDependency;
			package = D4F57CE02A0244E200582857 /* XCRemoteSwiftPackageReference "swift-composable-architecture" */;
			productName = ComposableArchitecture;
		};
/* End XCSwiftPackageProductDependency section */
	};
	rootObject = D4F57CC72A0243AB00582857 /* Project object */;
}
